{
  "nodes": {
    "nixos-25-11": {
      "locked": {
        "lastModified": 1779796641,
        "narHash": "sha256-ZsIrKmhp4vbBXoXXmR/tBXA/UCsAQiJL9vsgZEduhVY=",
        "owner": "NixOS",
        "repo": "nixpkgs",
        "rev": "25f538306313eae3927264466c70d7001dcea1df",
        "type": "github"
      },
      "original": {
        "owner": "NixOS",
        "ref": "nixos-25.11",
        "repo": "nixpkgs",
        "type": "github"
      }
    },
    "nixos-shared-flakes": {
      "inputs": {
        "nixpkgs": "nixpkgs"
      },
      "locked": {
        "lastModified": 1780573032,
        "narHash": "sha256-3lKZbT/t3XWKtyfr4b8GGno82/qhrNR5fCLnpXY97pQ=",
        "owner": "Yxue-1906",
        "repo": "nixos-shared-flake",
        "rev": "7fb6448c2c3c4ab0309b40229f8416a6d457f350",
        "type": "github"
      },
      "original": {
        "owner": "Yxue-1906",
        "repo": "nixos-shared-flake",
        "type": "github"
      }
    },
    "nixpkgs": {
      "locked": {
        "lastModified": 1780453794,
        "narHash": "sha256-bXMRa9VTsHSPXL4Cw8R6JJLQeY3Y/IP4+YJCYVmQ7FY=",
        "owner": "NixOS",
        "repo": "nixpkgs",
        "rev": "6b316287bae2ee04c9b93c8c858d930fd07d7338",
        "type": "github"
      },
      "original": {
        "owner": "NixOS",
        "repo": "nixpkgs",
        "rev": "6b316287bae2ee04c9b93c8c858d930fd07d7338",
        "type": "github"
      }
    },
    "nixpkgs-sing-box": {
      "locked": {
        "lastModified": 1780453794,
        "narHash": "sha256-bXMRa9VTsHSPXL4Cw8R6JJLQeY3Y/IP4+YJCYVmQ7FY=",
        "owner": "NixOS",
        "repo": "nixpkgs",
        "rev": "6b316287bae2ee04c9b93c8c858d930fd07d7338",
        "type": "github"
      },
      "original": {
        "owner": "NixOS",
        "repo": "nixpkgs",
        "rev": "6b316287bae2ee04c9b93c8c858d930fd07d7338",
        "type": "github"
      }
    },
    "root": {
      "inputs": {
        "nixos-25-11": "nixos-25-11",
        "nixos-shared-flakes": "nixos-shared-flakes",
        "nixpkgs-sing-box": "nixpkgs-sing-box"
      }
    }
  },
  "root": "root",
  "version": 7
}
