{
  "nodes": {
    "nixos-shared-flakes": {
      "inputs": {
        "nixpkgs": "nixpkgs"
      },
      "locked": {
        "lastModified": 1772882381,
        "narHash": "sha256-/PZyRB6otICKOQCKgTeeX4z4gjx0+JuH5xmIC1Tmvmo=",
        "owner": "Yxue-1906",
        "repo": "nixos-shared-flake",
        "rev": "eec237c4de4cfe9d4ac547d3e8599180ae80c6c2",
        "type": "github"
      },
      "original": {
        "owner": "Yxue-1906",
        "repo": "nixos-shared-flake",
        "type": "github"
      }
    },
    "nixpkgs": {
      "locked": {
        "lastModified": 1772822230,
        "narHash": "sha256-yf3iYLGbGVlIthlQIk5/4/EQDZNNEmuqKZkQssMljuw=",
        "owner": "NixOS",
        "repo": "nixpkgs",
        "rev": "71caefce12ba78d84fe618cf61644dce01cf3a96",
        "type": "github"
      },
      "original": {
        "owner": "NixOS",
        "repo": "nixpkgs",
        "rev": "71caefce12ba78d84fe618cf61644dce01cf3a96",
        "type": "github"
      }
    },
    "nixpkgs-sing-box": {
      "locked": {
        "lastModified": 1762395112,
        "narHash": "sha256-UkJYvyI2WvQZ8n+2O/+IDkeUxAujdNkYc66ij95/klI=",
        "owner": "NixOS",
        "repo": "nixpkgs",
        "rev": "1a24b14b4fd3adfa79751a3445fb2e0e74eefaf1",
        "type": "github"
      },
      "original": {
        "owner": "NixOS",
        "repo": "nixpkgs",
        "rev": "1a24b14b4fd3adfa79751a3445fb2e0e74eefaf1",
        "type": "github"
      }
    },
    "root": {
      "inputs": {
        "nixos-shared-flakes": "nixos-shared-flakes",
        "nixpkgs-sing-box": "nixpkgs-sing-box"
      }
    }
  },
  "root": "root",
  "version": 7
}
